
Microsoft Visual Studio Solution File, Format Version 12.00
# Visual Studio Version 17
VisualStudioVersion = 17.7.34221.43
MinimumVisualStudioVersion = 10.0.40219.1
Project("{2150E333-8FDC-42A3-9474-1A3956D46DE8}") = "Notes", "Notes", "{4D69C736-A6CD-46BC-B806-2D9682CCA937}"
	ProjectSection(SolutionItems) = preProject
		Dependency Injection.txt = Dependency Injection.txt
		DotNet Roadmap.txt = DotNet Roadmap.txt
		C:\Users\gjset\Downloads\course_9\.NET 8 NEW Course\Information.pptx = C:\Users\gjset\Downloads\course_9\.NET 8 NEW Course\Information.pptx
	EndProjectSection
EndProject
Project("{9A19103F-16F7-4668-BE54-9A1E7A4F7556}") = "BulkyWeb", "BulkyWeb\BulkyWeb.csproj", "{EAB1962D-81FA-4467-AABD-3B04F9E3C1F0}"
EndProject
Project("{9A19103F-16F7-4668-BE54-9A1E7A4F7556}") = "BulkyWebRazor", "BulkyWebRazor\BulkyWebRazor.csproj", "{0DB7D076-CD8F-43FE-B0D8-C2150A77E64B}"
EndProject
Project("{FAE04EC0-301F-11D3-BF4B-00C04F79EFBC}") = "Bulky.Models", "Bulky.Models\Bulky.Models.csproj", "{03229F39-DC07-480F-A429-6E91E37120A8}"
EndProject
Project("{FAE04EC0-301F-11D3-BF4B-00C04F79EFBC}") = "Bulky.DataAccess", "Bulky.DataAccess\Bulky.DataAccess.csproj", "{62408098-9FEC-4D2C-B298-ECE5F7330CA7}"
EndProject
Project("{FAE04EC0-301F-11D3-BF4B-00C04F79EFBC}") = "Bulky.Utility", "Bulky.Utility\Bulky.Utility.csproj", "{27F82DD2-70DE-44EA-8495-BEBC29A08817}"
EndProject
Project("{FAE04EC0-301F-11D3-BF4B-00C04F79EFBC}") = "DIServiceLifetime", "DIServiceLifetime\DIServiceLifetime.csproj", "{AA3558AE-7E0F-46E3-A1BA-55EAB3F6A5AB}"
EndProject
Global
	GlobalSection(SolutionConfigurationPlatforms) = preSolution
		Debug|Any CPU = Debug|Any CPU
		Release|Any CPU = Release|Any CPU
	EndGlobalSection
	GlobalSection(ProjectConfigurationPlatforms) = postSolution
		{EAB1962D-81FA-4467-AABD-3B04F9E3C1F0}.Debug|Any CPU.ActiveCfg = Debug|Any CPU
		{EAB1962D-81FA-4467-AABD-3B04F9E3C1F0}.Debug|Any CPU.Build.0 = Debug|Any CPU
		{EAB1962D-81FA-4467-AABD-3B04F9E3C1F0}.Release|Any CPU.ActiveCfg = Release|Any CPU
		{EAB1962D-81FA-4467-AABD-3B04F9E3C1F0}.Release|Any CPU.Build.0 = Release|Any CPU
		{0DB7D076-CD8F-43FE-B0D8-C2150A77E64B}.Debug|Any CPU.ActiveCfg = Debug|Any CPU
		{0DB7D076-CD8F-43FE-B0D8-C2150A77E64B}.Debug|Any CPU.Build.0 = Debug|Any CPU
		{0DB7D076-CD8F-43FE-B0D8-C2150A77E64B}.Release|Any CPU.ActiveCfg = Release|Any CPU
		{0DB7D076-CD8F-43FE-B0D8-C2150A77E64B}.Release|Any CPU.Build.0 = Release|Any CPU
		{03229F39-DC07-480F-A429-6E91E37120A8}.Debug|Any CPU.ActiveCfg = Debug|Any CPU
		{03229F39-DC07-480F-A429-6E91E37120A8}.Debug|Any CPU.Build.0 = Debug|Any CPU
		{03229F39-DC07-480F-A429-6E91E37120A8}.Release|Any CPU.ActiveCfg = Release|Any CPU
		{03229F39-DC07-480F-A429-6E91E37120A8}.Release|Any CPU.Build.0 = Release|Any CPU
		{62408098-9FEC-4D2C-B298-ECE5F7330CA7}.Debug|Any CPU.ActiveCfg = Debug|Any CPU
		{62408098-9FEC-4D2C-B298-ECE5F7330CA7}.Debug|Any CPU.Build.0 = Debug|Any CPU
		{62408098-9FEC-4D2C-B298-ECE5F7330CA7}.Release|Any CPU.ActiveCfg = Release|Any CPU
		{62408098-9FEC-4D2C-B298-ECE5F7330CA7}.Release|Any CPU.Build.0 = Release|Any CPU
		{27F82DD2-70DE-44EA-8495-BEBC29A08817}.Debug|Any CPU.ActiveCfg = Debug|Any CPU
		{27F82DD2-70DE-44EA-8495-BEBC29A08817}.Debug|Any CPU.Build.0 = Debug|Any CPU
		{27F82DD2-70DE-44EA-8495-BEBC29A08817}.Release|Any CPU.ActiveCfg = Release|Any CPU
		{27F82DD2-70DE-44EA-8495-BEBC29A08817}.Release|Any CPU.Build.0 = Release|Any CPU
		{AA3558AE-7E0F-46E3-A1BA-55EAB3F6A5AB}.Debug|Any CPU.ActiveCfg = Debug|Any CPU
		{AA3558AE-7E0F-46E3-A1BA-55EAB3F6A5AB}.Debug|Any CPU.Build.0 = Debug|Any CPU
		{AA3558AE-7E0F-46E3-A1BA-55EAB3F6A5AB}.Release|Any CPU.ActiveCfg = Release|Any CPU
		{AA3558AE-7E0F-46E3-A1BA-55EAB3F6A5AB}.Release|Any CPU.Build.0 = Release|Any CPU
	EndGlobalSection
	GlobalSection(SolutionProperties) = preSolution
		HideSolutionNode = FALSE
	EndGlobalSection
	GlobalSection(ExtensibilityGlobals) = postSolution
		SolutionGuid = {D488CADE-CC13-48A8-91F7-BD66D0944DBC}
	EndGlobalSection
EndGlobal
